
Microsoft Visual Studio Solution File, Format Version 12.00
# Visual Studio Version 17
VisualStudioVersion = 17.7.34302.85
MinimumVisualStudioVersion = 10.0.40219.1
Project("{9A19103F-16F7-4668-BE54-9A1E7A4F7556}") = "bubblesort", "bubblesort\bubblesort.csproj", "{E1C1D9D2-FB19-4248-B38C-951F054298F7}"
EndProject
Project("{FAE04EC0-301F-11D3-BF4B-00C04F79EFBC}") = "bubblesortnumbers", "bubblesortnumbers\bubblesortnumbers.csproj", "{9079893B-50FA-4BB8-A690-407F5E3DDA09}"
EndProject
Global
	GlobalSection(SolutionConfigurationPlatforms) = preSolution
		Debug|Any CPU = Debug|Any CPU
		Release|Any CPU = Release|Any CPU
	EndGlobalSection
	GlobalSection(ProjectConfigurationPlatforms) = postSolution
		{E1C1D9D2-FB19-4248-B38C-951F054298F7}.Debug|Any CPU.ActiveCfg = Debug|Any CPU
		{E1C1D9D2-FB19-4248-B38C-951F054298F7}.Debug|Any CPU.Build.0 = Debug|Any CPU
		{E1C1D9D2-FB19-4248-B38C-951F054298F7}.Release|Any CPU.ActiveCfg = Release|Any CPU
		{E1C1D9D2-FB19-4248-B38C-951F054298F7}.Release|Any CPU.Build.0 = Release|Any CPU
		{9079893B-50FA-4BB8-A690-407F5E3DDA09}.Debug|Any CPU.ActiveCfg = Debug|Any CPU
		{9079893B-50FA-4BB8-A690-407F5E3DDA09}.Debug|Any CPU.Build.0 = Debug|Any CPU
		{9079893B-50FA-4BB8-A690-407F5E3DDA09}.Release|Any CPU.ActiveCfg = Release|Any CPU
		{9079893B-50FA-4BB8-A690-407F5E3DDA09}.Release|Any CPU.Build.0 = Release|Any CPU
	EndGlobalSection
	GlobalSection(SolutionProperties) = preSolution
		HideSolutionNode = FALSE
	EndGlobalSection
	GlobalSection(ExtensibilityGlobals) = postSolution
		SolutionGuid = {AC7C0B1A-FDEB-4D4D-8D31-AA63C4172AF5}
	EndGlobalSection
EndGlobal
